
Microsoft Visual Studio Solution File, Format Version 12.00
# Visual Studio Version 17
VisualStudioVersion = 17.11.35208.52
MinimumVisualStudioVersion = 10.0.40219.1
Project("{FAE04EC0-301F-11D3-BF4B-00C04F79EFBC}") = "FiddlerMimic", "FiddlerMimic.csproj", "{C553D83F-BCE7-4C34-836E-3A6312E748EB}"
EndProject
Global
	GlobalSection(SolutionConfigurationPlatforms) = preSolution
		Debug|Any CPU = Debug|Any CPU
		Release|Any CPU = Release|Any CPU
	EndGlobalSection
	GlobalSection(ProjectConfigurationPlatforms) = postSolution
		{C553D83F-BCE7-4C34-836E-3A6312E748EB}.Debug|Any CPU.ActiveCfg = Debug|Any CPU
		{C553D83F-BCE7-4C34-836E-3A6312E748EB}.Debug|Any CPU.Build.0 = Debug|Any CPU
		{C553D83F-BCE7-4C34-836E-3A6312E748EB}.Release|Any CPU.ActiveCfg = Release|Any CPU
		{C553D83F-BCE7-4C34-836E-3A6312E748EB}.Release|Any CPU.Build.0 = Release|Any CPU
	EndGlobalSection
	GlobalSection(SolutionProperties) = preSolution
		HideSolutionNode = FALSE
	EndGlobalSection
	GlobalSection(ExtensibilityGlobals) = postSolution
		SolutionGuid = {C0795338-27C5-40E6-8951-CC1F3202546E}
	EndGlobalSection
EndGlobal
